github.com/VividCortex/ewma v1.2.0 h1:f58SaIzcDXrSy3kWaHNvuJgJ3Nmz59Zji6XoJR/q1ow=
github.com/VividCortex/ewma v1.2.0/go.mod h1:nz4BbCtbLyFDeC9SUHbtcT5644juEuWfUAUnGx7j5l4=
github.com/acarl005/stripansi v0.0.0-20180116102854-5a71ef0e047d h1:licZJFw2RwpHMqeKTCYkitsPqHNxTmd4SNR5r94FGM8=
github.com/acarl005/stripansi v0.0.0-20180116102854-5a71ef0e047d/go.mod h1:asat636LX7Bqt5lYEZ27JNDcqxfjdBQuJ/MM4CN/Lzo=
github.com/cristiancll/HLSDownloader v1.0.0 h1:d6godkwPq1A1vgCgDUA3AoYO++N8EzJy3azjoTeh7P8=
github.com/cristiancll/HLSDownloader v1.0.0/go.mod h1:Hmm6EowG7rjw5Rnvod8GPt41i/XdgZdANTHz/SbXM2w=
github.com/cristiancll/HLSDownloader v1.0.1-0.20230420232710-b4fb12ce8eec h1:4JQeN05R88HnJC59+UPtEL73MlAm08KifVTuCgkEOxE=
github.com/cristiancll/HLSDownloader v1.0.1-0.20230420232710-b4fb12ce8eec/go.mod h1:Hmm6EowG7rjw5Rnvod8GPt41i/XdgZdANTHz/SbXM2w=
github.com/cristiancll/HLSDownloader v1.0.1-0.20230421044949-c0277eeb80c1 h1:DjWSLUR86uCARRRd8yid40IMRlXfnR49ws3CMcin2QI=
github.com/cristiancll/HLSDownloader v1.0.1-0.20230421044949-c0277eeb80c1/go.mod h1:Hmm6EowG7rjw5Rnvod8GPt41i/XdgZdANTHz/SbXM2w=
github.com/dustin/go-humanize v1.0.1 h1:GzkhY7T5VNhEkwH0PVJgjz+fX1rhBrR7pRT3mDkpeCY=
github.com/dustin/go-humanize v1.0.1/go.mod h1:Mu1zIs6XwVuF/gI1OepvI0qD18qycQx+mFykh5fBlto=
github.com/grafov/m3u8 v0.12.0 h1:T6iTwTsSEtMcwkayef+FJO8kj+Sglr4Lh81Zj8Ked/4=
github.com/grafov/m3u8 v0.12.0/go.mod h1:nqzOkfBiZJENr52zTVd/Dcl03yzphIMbJqkXGu+u080=
github.com/mattn/go-runewidth v0.0.14 h1:+xnbZSEeDbOIg5/mE6JF0w6n9duR1l3/WmbinWVwUuU=
github.com/mattn/go-runewidth v0.0.14/go.mod h1:Jdepj2loyihRzMpdS35Xk/zdY8IAYHsh153qUoGf23w=
github.com/rivo/uniseg v0.2.0/go.mod h1:J6wj4VEh+S6ZtnVlnTBMWIodfgj8LQOQFoIToxlJtxc=
github.com/rivo/uniseg v0.4.4 h1:8TfxU8dW6PdqD27gjM8MVNuicgxIjxpm4K7x4jp8sis=
github.com/rivo/uniseg v0.4.4/go.mod h1:FN3SvrM+Zdj16jyLfmOkMNblXMcoc8DfTHruCPUcx88=
github.com/vbauerster/mpb/v8 v8.4.0 h1:Jq2iNA7T6SydpMVOwaT+2OBWlXS9Th8KEvBqeu5eeTo=
github.com/vbauerster/mpb/v8 v8.4.0/go.mod h1:vjp3hSTuCtR+x98/+2vW3eZ8XzxvGoP8CPseHMhiPyc=
golang.org/x/sys v0.7.0 h1:3jlCCIQZPdOYu1h8BkNvLz8Kgwtae2cagcG/VamtZRU=
golang.org/x/sys v0.7.0/go.mod h1:oPkhp1MJrh7nUepCBck5+mAzfO9JrbApNNgaTdGDITg=
